// !$*UTF8*$!
{
	archiveVersion = 1;
	classes = {
	};
	objectVersion = 50;
	objects = {

/* Begin PBXBuildFile section */
		A558E7102213BF3500365C8E /* AppDelegate.swift in Sources */ = {isa = PBXBuildFile; fileRef = A558E70F2213BF3500365C8E /* AppDelegate.swift */; };
		A558E7122213BF3500365C8E /* ViewController.swift in Sources */ = {isa = PBXBuildFile; fileRef = A558E7112213BF3500365C8E /* ViewController.swift */; };
		A558E7152213BF3500365C8E /* Main.storyboard in Resources */ = {isa = PBXBuildFile; fileRef = A558E7132213BF3500365C8E /* Main.storyboard */; };
		A558E7172213BF3600365C8E /* Assets.xcassets in Resources */ = {isa = PBXBuildFile; fileRef = A558E7162213BF3600365C8E /* Assets.xcassets */; };
		A558E71A2213BF3600365C8E /* LaunchScreen.storyboard in Resources */ = {isa = PBXBuildFile; fileRef = A558E7182213BF3600365C8E /* LaunchScreen.storyboard */; };
		A558E7252213BF3600365C8E /* twitterTests.swift in Sources */ = {isa = PBXBuildFile; fileRef = A558E7242213BF3600365C8E /* twitterTests.swift */; };
		A558E7302213BF3600365C8E /* twitterUITests.swift in Sources */ = {isa = PBXBuildFile; fileRef = A558E72F2213BF3600365C8E /* twitterUITests.swift */; };
/* End PBXBuildFile section */

/* Begin PBXContainerItemProxy section */
		A558E7212213BF3600365C8E /* PBXContainerItemProxy */ = {
			isa = PBXContainerItemProxy;
			containerPortal = A558E7042213BF3500365C8E /* Project object */;
			proxyType = 1;
			remoteGlobalIDString = A558E70B2213BF3500365C8E;
			remoteInfo = twitter;
		};
		A558E72C2213BF3600365C8E /* PBXContainerItemProxy */ = {
			isa = PBXContainerItemProxy;
			containerPortal = A558E7042213BF3500365C8E /* Project object */;
			proxyType = 1;
			remoteGlobalIDString = A558E70B2213BF3500365C8E;
			remoteInfo = twitter;
		};
/* End PBXContainerItemProxy section */

/* Begin PBXFileReference section */
		A558E70C2213BF3500365C8E /* twitter.app */ = {isa = PBXFileReference; explicitFileType = wrapper.application; includeInIndex = 0; path = twitter.app; sourceTree = BUILT_PRODUCTS_DIR; };
		A558E70F2213BF3500365C8E /* AppDelegate.swift */ = {isa = PBXFileReference; lastKnownFileType = sourcecode.swift; path = AppDelegate.swift; sourceTree = "<group>"; };
		A558E7112213BF3500365C8E /* ViewController.swift */ = {isa = PBXFileReference; lastKnownFileType = sourcecode.swift; path = ViewController.swift; sourceTree = "<group>"; };
		A558E7142213BF3500365C8E /* Base */ = {isa = PBXFileReference; lastKnownFileType = file.storyboard; name = Base; path = Base.lproj/Main.storyboard; sourceTree = "<group>"; };
		A558E7162213BF3600365C8E /* Assets.xcassets */ = {isa = PBXFileReference; lastKnownFileType = folder.assetcatalog; path = Assets.xcassets; sourceTree = "<group>"; };
		A558E7192213BF3600365C8E /* Base */ = {isa = PBXFileReference; lastKnownFileType = file.storyboard; name = Base; path = Base.lproj/LaunchScreen.storyboard; sourceTree = "<group>"; };
		A558E71B2213BF3600365C8E /* Info.plist */ = {isa = PBXFileReference; lastKnownFileType = text.plist.xml; path = Info.plist; sourceTree = "<group>"; };
		A558E7202213BF3600365C8E /* twitterTests.xctest */ = {isa = PBXFileReference; explicitFileType = wrapper.cfbundle; includeInIndex = 0; path = twitterTests.xctest; sourceTree = BUILT_PRODUCTS_DIR; };
		A558E7242213BF3600365C8E /* twitterTests.swift */ = {isa = PBXFileReference; lastKnownFileType = sourcecode.swift; path = twitterTests.swift; sourceTree = "<group>"; };
		A558E7262213BF3600365C8E /* Info.plist */ = {isa = PBXFileReference; lastKnownFileType = text.plist.xml; path = Info.plist; sourceTree = "<group>"; };
		A558E72B2213BF3600365C8E /* twitterUITests.xctest */ = {isa = PBXFileReference; explicitFileType = wrapper.cfbundle; includeInIndex = 0; path = twitterUITests.xctest; sourceTree = BUILT_PRODUCTS_DIR; };
		A558E72F2213BF3600365C8E /* twitterUITests.swift */ = {isa = PBXFileReference; lastKnownFileType = sourcecode.swift; path = twitterUITests.swift; sourceTree = "<group>"; };
		A558E7312213BF3600365C8E /* Info.plist */ = {isa = PBXFileReference; lastKnownFileType = text.plist.xml; path = Info.plist; sourceTree = "<group>"; };
/* End PBXFileReference section */

/* Begin PBXFrameworksBuildPhase section */
		A558E7092213BF3500365C8E /* Frameworks */ = {
			isa = PBXFrameworksBuildPhase;
			buildActionMask = 2147483647;
			files = (
			);
			runOnlyForDeploymentPostprocessing = 0;
		};
		A558E71D2213BF3600365C8E /* Frameworks */ = {
			isa = PBXFrameworksBuildPhase;
			buildActionMask = 2147483647;
			files = (
			);
			runOnlyForDeploymentPostprocessing = 0;
		};
		A558E7282213BF3600365C8E /* Frameworks */ = {
			isa = PBXFrameworksBuildPhase;
			buildActionMask = 2147483647;
			files = (
			);
			runOnlyForDeploymentPostprocessing = 0;
		};
/* End PBXFrameworksBuildPhase section */

/* Begin PBXGroup section */
		A558E7032213BF3500365C8E = {
			isa = PBXGroup;
			children = (
				A558E70E2213BF3500365C8E /* twitter */,
				A558E7232213BF3600365C8E /* twitterTests */,
				A558E72E2213BF3600365C8E /* twitterUITests */,
				A558E70D2213BF3500365C8E /* Products */,
			);
			sourceTree = "<group>";
		};
		A558E70D2213BF3500365C8E /* Products */ = {
			isa = PBXGroup;
			children = (
				A558E70C2213BF3500365C8E /* twitter.app */,
				A558E7202213BF3600365C8E /* twitterTests.xctest */,
				A558E72B2213BF3600365C8E /* twitterUITests.xctest */,
			);
			name = Products;
			sourceTree = "<group>";
		};
		A558E70E2213BF3500365C8E /* twitter */ = {
			isa = PBXGroup;
			children = (
				A558E70F2213BF3500365C8E /* AppDelegate.swift */,
				A558E7112213BF3500365C8E /* ViewController.swift */,
				A558E7132213BF3500365C8E /* Main.storyboard */,
				A558E7162213BF3600365C8E /* Assets.xcassets */,
				A558E7182213BF3600365C8E /* LaunchScreen.storyboard */,
				A558E71B2213BF3600365C8E /* Info.plist */,
			);
			path = twitter;
			sourceTree = "<group>";
		};
		A558E7232213BF3600365C8E /* twitterTests */ = {
			isa = PBXGroup;
			children = (
				A558E7242213BF3600365C8E /* twitterTests.swift */,
				A558E7262213BF3600365C8E /* Info.plist */,
			);
			path = twitterTests;
			sourceTree = "<group>";
		};
		A558E72E2213BF3600365C8E /* twitterUITests */ = {
			isa = PBXGroup;
			children = (
				A558E72F2213BF3600365C8E /* twitterUITests.swift */,
				A558E7312213BF3600365C8E /* Info.plist */,
			);
			path = twitterUITests;
			sourceTree = "<group>";
		};
/* End PBXGroup section */

/* Begin PBXNativeTarget section */
		A558E70B2213BF3500365C8E /* twitter */ = {
			isa = PBXNativeTarget;
			buildConfigurationList = A558E7342213BF3600365C8E /* Build configuration list for PBXNativeTarget "twitter" */;
			buildPhases = (
				A558E7082213BF3500365C8E /* Sources */,
				A558E7092213BF3500365C8E /* Frameworks */,
				A558E70A2213BF3500365C8E /* Resources */,
			);
			buildRules = (
			);
			dependencies = (
			);
			name = twitter;
			productName = twitter;
			productReference = A558E70C2213BF3500365C8E /* twitter.app */;
			productType = "com.apple.product-type.application";
		};
		A558E71F2213BF3600365C8E /* twitterTests */ = {
			isa = PBXNativeTarget;
			buildConfigurationList = A558E7372213BF3600365C8E /* Build configuration list for PBXNativeTarget "twitterTests" */;
			buildPhases = (
				A558E71C2213BF3600365C8E /* Sources */,
				A558E71D2213BF3600365C8E /* Frameworks */,
				A558E71E2213BF3600365C8E /* Resources */,
			);
			buildRules = (
			);
			dependencies = (
				A558E7222213BF3600365C8E /* PBXTargetDependency */,
			);
			name = twitterTests;
			productName = twitterTests;
			productReference = A558E7202213BF3600365C8E /* twitterTests.xctest */;
			productType = "com.apple.product-type.bundle.unit-test";
		};
		A558E72A2213BF3600365C8E /* twitterUITests */ = {
			isa = PBXNativeTarget;
			buildConfigurationList = A558E73A2213BF3600365C8E /* Build configuration list for PBXNativeTarget "twitterUITests" */;
			buildPhases = (
				A558E7272213BF3600365C8E /* Sources */,
				A558E7282213BF3600365C8E /* Frameworks */,
				A558E7292213BF3600365C8E /* Resources */,
			);
			buildRules = (
			);
			dependencies = (
				A558E72D2213BF3600365C8E /* PBXTargetDependency */,
			);
			name = twitterUITests;
			productName = twitterUITests;
			productReference = A558E72B2213BF3600365C8E /* twitterUITests.xctest */;
			productType = "com.apple.product-type.bundle.ui-testing";
		};
/* End PBXNativeTarget section */

/* Begin PBXProject section */
		A558E7042213BF3500365C8E /* Project object */ = {
			isa = PBXProject;
			attributes = {
				LastSwiftUpdateCheck = 1010;
				LastUpgradeCheck = 1010;
				ORGANIZATIONNAME = "Christian Alec Littleton";
				TargetAttributes = {
					A558E70B2213BF3500365C8E = {
						CreatedOnToolsVersion = 10.1;
					};
					A558E71F2213BF3600365C8E = {
						CreatedOnToolsVersion = 10.1;
						TestTargetID = A558E70B2213BF3500365C8E;
					};
					A558E72A2213BF3600365C8E = {
						CreatedOnToolsVersion = 10.1;
						TestTargetID = A558E70B2213BF3500365C8E;
					};
				};
			};
			buildConfigurationList = A558E7072213BF3500365C8E /* Build configuration list for PBXProject "twitter" */;
			compatibilityVersion = "Xcode 9.3";
			developmentRegion = en;
			hasScannedForEncodings = 0;
			knownRegions = (
				en,
				Base,
			);
			mainGroup = A558E7032213BF3500365C8E;
			productRefGroup = A558E70D2213BF3500365C8E /* Products */;
			projectDirPath = "";
			projectRoot = "";
			targets = (
				A558E70B2213BF3500365C8E /* twitter */,
				A558E71F2213BF3600365C8E /* twitterTests */,
				A558E72A2213BF3600365C8E /* twitterUITests */,
			);
		};
/* End PBXProject section */

/* Begin PBXResourcesBuildPhase section */
		A558E70A2213BF3500365C8E /* Resources */ = {
			isa = PBXResourcesBuildPhase;
			buildActionMask = 2147483647;
			files = (
				A558E71A2213BF3600365C8E /* LaunchScreen.storyboard in Resources */,
				A558E7172213BF3600365C8E /* Assets.xcassets in Resources */,
				A558E7152213BF3500365C8E /* Main.storyboard in Resources */,
			);
			runOnlyForDeploymentPostprocessing = 0;
		};
		A558E71E2213BF3600365C8E /* Resources */ = {
			isa = PBXResourcesBuildPhase;
			buildActionMask = 2147483647;
			files = (
			);
			runOnlyForDeploymentPostprocessing = 0;
		};
		A558E7292213BF3600365C8E /* Resources */ = {
			isa = PBXResourcesBuildPhase;
			buildActionMask = 2147483647;
			files = (
			);
			runOnlyForDeploymentPostprocessing = 0;
		};
/* End PBXResourcesBuildPhase section */

/* Begin PBXSourcesBuildPhase section */
		A558E7082213BF3500365C8E /* Sources */ = {
			isa = PBXSourcesBuildPhase;
			buildActionMask = 2147483647;
			files = (
				A558E7122213BF3500365C8E /* ViewController.swift in Sources */,
				A558E7102213BF3500365C8E /* AppDelegate.swift in Sources */,
			);
			runOnlyForDeploymentPostprocessing = 0;
		};
		A558E71C2213BF3600365C8E /* Sources */ = {
			isa = PBXSourcesBuildPhase;
			buildActionMask = 2147483647;
			files = (
				A558E7252213BF3600365C8E /* twitterTests.swift in Sources */,
			);
			runOnlyForDeploymentPostprocessing = 0;
		};
		A558E7272213BF3600365C8E /* Sources */ = {
			isa = PBXSourcesBuildPhase;
			buildActionMask = 2147483647;
			files = (
				A558E7302213BF3600365C8E /* twitterUITests.swift in Sources */,
			);
			runOnlyForDeploymentPostprocessing = 0;
		};
/* End PBXSourcesBuildPhase section */

/* Begin PBXTargetDependency section */
		A558E7222213BF3600365C8E /* PBXTargetDependency */ = {
			isa = PBXTargetDependency;
			target = A558E70B2213BF3500365C8E /* twitter */;
			targetProxy = A558E7212213BF3600365C8E /* PBXContainerItemProxy */;
		};
		A558E72D2213BF3600365C8E /* PBXTargetDependency */ = {
			isa = PBXTargetDependency;
			target = A558E70B2213BF3500365C8E /* twitter */;
			targetProxy = A558E72C2213BF3600365C8E /* PBXContainerItemProxy */;
		};
/* End PBXTargetDependency section */

/* Begin PBXVariantGroup section */
		A558E7132213BF3500365C8E /* Main.storyboard */ = {
			isa = PBXVariantGroup;
			children = (
				A558E7142213BF3500365C8E /* Base */,
			);
			name = Main.storyboard;
			sourceTree = "<group>";
		};
		A558E7182213BF3600365C8E /* LaunchScreen.storyboard */ = {
			isa = PBXVariantGroup;
			children = (
				A558E7192213BF3600365C8E /* Base */,
			);
			name = LaunchScreen.storyboard;
			sourceTree = "<group>";
		};
/* End PBXVariantGroup section */

/* Begin XCBuildConfiguration section */
		A558E7322213BF3600365C8E /* Debug */ = {
			isa = XCBuildConfiguration;
			buildSettings = {
				ALWAYS_SEARCH_USER_PATHS = NO;
				CLANG_ANALYZER_NONNULL = YES;
				CLANG_ANALYZER_NUMBER_OBJECT_CONVERSION = YES_AGGRESSIVE;
				CLANG_CXX_LANGUAGE_STANDARD = "gnu++14";
				CLANG_CXX_LIBRARY = "libc++";
				CLANG_ENABLE_MODULES = YES;
				CLANG_ENABLE_OBJC_ARC = YES;
				CLANG_ENABLE_OBJC_WEAK = YES;
				CLANG_WARN_BLOCK_CAPTURE_AUTORELEASING = YES;
				CLANG_WARN_BOOL_CONVERSION = YES;
				CLANG_WARN_COMMA = YES;
				CLANG_WARN_CONSTANT_CONVERSION = YES;
				CLANG_WARN_DEPRECATED_OBJC_IMPLEMENTATIONS = YES;
				CLANG_WARN_DIRECT_OBJC_ISA_USAGE = YES_ERROR;
				CLANG_WARN_DOCUMENTATION_COMMENTS = YES;
				CLANG_WARN_EMPTY_BODY = YES;
				CLANG_WARN_ENUM_CONVERSION = YES;
				CLANG_WARN_INFINITE_RECURSION = YES;
				CLANG_WARN_INT_CONVERSION = YES;
				CLANG_WARN_NON_LITERAL_NULL_CONVERSION = YES;
				CLANG_WARN_OBJC_IMPLICIT_RETAIN_SELF = YES;
				CLANG_WARN_OBJC_LITERAL_CONVERSION = YES;
				CLANG_WARN_OBJC_ROOT_CLASS = YES_ERROR;
				CLANG_WARN_RANGE_LOOP_ANALYSIS = YES;
				CLANG_WARN_STRICT_PROTOTYPES = YES;
				CLANG_WARN_SUSPICIOUS_MOVE = YES;
				CLANG_WARN_UNGUARDED_AVAILABILITY = YES_AGGRESSIVE;
				CLANG_WARN_UNREACHABLE_CODE = YES;
				CLANG_WARN__DUPLICATE_METHOD_MATCH = YES;
				CODE_SIGN_IDENTITY = "iPhone Developer";
				COPY_PHASE_STRIP = NO;
				DEBUG_INFORMATION_FORMAT = dwarf;
				ENABLE_STRICT_OBJC_MSGSEND = YES;
				ENABLE_TESTABILITY = YES;
				GCC_C_LANGUAGE_STANDARD = gnu11;
				GCC_DYNAMIC_NO_PIC = NO;
				GCC_NO_COMMON_BLOCKS = YES;
				GCC_OPTIMIZATION_LEVEL = 0;
				GCC_PREPROCESSOR_DEFINITIONS = (
					"DEBUG=1",
					"$(inherited)",
				);
				GCC_WARN_64_TO_32_BIT_CONVERSION = YES;
				GCC_WARN_ABOUT_RETURN_TYPE = YES_ERROR;
				GCC_WARN_UNDECLARED_SELECTOR = YES;
				GCC_WARN_UNINITIALIZED_AUTOS = YES_AGGRESSIVE;
				GCC_WARN_UNUSED_FUNCTION = YES;
				GCC_WARN_UNUSED_VARIABLE = YES;
				IPHONEOS_DEPLOYMENT_TARGET = 12.1;
				MTL_ENABLE_DEBUG_INFO = INCLUDE_SOURCE;
				MTL_FAST_MATH = YES;
				ONLY_ACTIVE_ARCH = YES;
				SDKROOT = iphoneos;
				SWIFT_ACTIVE_COMPILATION_CONDITIONS = DEBUG;
				SWIFT_OPTIMIZATION_LEVEL = "-Onone";
			};
			name = Debug;
		};
		A558E7332213BF3600365C8E /* Release */ = {
			isa = XCBuildConfiguration;
			buildSettings = {
				ALWAYS_SEARCH_USER_PATHS = NO;
				CLANG_ANALYZER_NONNULL = YES;
				CLANG_ANALYZER_NUMBER_OBJECT_CONVERSION = YES_AGGRESSIVE;
				CLANG_CXX_LANGUAGE_STANDARD = "gnu++14";
				CLANG_CXX_LIBRARY = "libc++";
				CLANG_ENABLE_MODULES = YES;
				CLANG_ENABLE_OBJC_ARC = YES;
				CLANG_ENABLE_OBJC_WEAK = YES;
				CLANG_WARN_BLOCK_CAPTURE_AUTORELEASING = YES;
				CLANG_WARN_BOOL_CONVERSION = YES;
				CLANG_WARN_COMMA = YES;
				CLANG_WARN_CONSTANT_CONVERSION = YES;
				CLANG_WARN_DEPRECATED_OBJC_IMPLEMENTATIONS = YES;
				CLANG_WARN_DIRECT_OBJC_ISA_USAGE = YES_ERROR;
				CLANG_WARN_DOCUMENTATION_COMMENTS = YES;
				CLANG_WARN_EMPTY_BODY = YES;
				CLANG_WARN_ENUM_CONVERSION = YES;
				CLANG_WARN_INFINITE_RECURSION = YES;
				CLANG_WARN_INT_CONVERSION = YES;
				CLANG_WARN_NON_LITERAL_NULL_CONVERSION = YES;
				CLANG_WARN_OBJC_IMPLICIT_RETAIN_SELF = YES;
				CLANG_WARN_OBJC_LITERAL_CONVERSION = YES;
				CLANG_WARN_OBJC_ROOT_CLASS = YES_ERROR;
				CLANG_WARN_RANGE_LOOP_ANALYSIS = YES;
				CLANG_WARN_STRICT_PROTOTYPES = YES;
				CLANG_WARN_SUSPICIOUS_MOVE = YES;
				CLANG_WARN_UNGUARDED_AVAILABILITY = YES_AGGRESSIVE;
				CLANG_WARN_UNREACHABLE_CODE = YES;
				CLANG_WARN__DUPLICATE_METHOD_MATCH = YES;
				CODE_SIGN_IDENTITY = "iPhone Developer";
				COPY_PHASE_STRIP = NO;
				DEBUG_INFORMATION_FORMAT = "dwarf-with-dsym";
				ENABLE_NS_ASSERTIONS = NO;
				ENABLE_STRICT_OBJC_MSGSEND = YES;
				GCC_C_LANGUAGE_STANDARD = gnu11;
				GCC_NO_COMMON_BLOCKS = YES;
				GCC_WARN_64_TO_32_BIT_CONVERSION = YES;
				GCC_WARN_ABOUT_RETURN_TYPE = YES_ERROR;
				GCC_WARN_UNDECLARED_SELECTOR = YES;
				GCC_WARN_UNINITIALIZED_AUTOS = YES_AGGRESSIVE;
				GCC_WARN_UNUSED_FUNCTION = YES;
				GCC_WARN_UNUSED_VARIABLE = YES;
				IPHONEOS_DEPLOYMENT_TARGET = 12.1;
				MTL_ENABLE_DEBUG_INFO = NO;
				MTL_FAST_MATH = YES;
				SDKROOT = iphoneos;
				SWIFT_COMPILATION_MODE = wholemodule;
				SWIFT_OPTIMIZATION_LEVEL = "-O";
				VALIDATE_PRODUCT = YES;
			};
			name = Release;
		};
		A558E7352213BF3600365C8E /* Debug */ = {
			isa = XCBuildConfiguration;
			buildSettings = {
				ASSETCATALOG_COMPILER_APPICON_NAME = AppIcon;
				CODE_SIGN_STYLE = Automatic;
				INFOPLIST_FILE = twitter/Info.plist;
				LD_RUNPATH_SEARCH_PATHS = (
					"$(inherited)",
					"@executable_path/Frameworks",
				);
				PRODUCT_BUNDLE_IDENTIFIER = "mid-program-project.twitter";
				PRODUCT_NAME = "$(TARGET_NAME)";
				SWIFT_VERSION = 4.2;
				TARGETED_DEVICE_FAMILY = "1,2";
			};
			name = Debug;
		};
		A558E7362213BF3600365C8E /* Release */ = {
			isa = XCBuildConfiguration;
			buildSettings = {
				ASSETCATALOG_COMPILER_APPICON_NAME = AppIcon;
				CODE_SIGN_STYLE = Automatic;
				INFOPLIST_FILE = twitter/Info.plist;
				LD_RUNPATH_SEARCH_PATHS = (
					"$(inherited)",
					"@executable_path/Frameworks",
				);
				PRODUCT_BUNDLE_IDENTIFIER = "mid-program-project.twitter";
				PRODUCT_NAME = "$(TARGET_NAME)";
				SWIFT_VERSION = 4.2;
				TARGETED_DEVICE_FAMILY = "1,2";
			};
			name = Release;
		};
		A558E7382213BF3600365C8E /* Debug */ = {
			isa = XCBuildConfiguration;
			buildSettings = {
				ALWAYS_EMBED_SWIFT_STANDARD_LIBRARIES = YES;
				BUNDLE_LOADER = "$(TEST_HOST)";
				CODE_SIGN_STYLE = Automatic;
				INFOPLIST_FILE = twitterTests/Info.plist;
				LD_RUNPATH_SEARCH_PATHS = (
					"$(inherited)",
					"@executable_path/Frameworks",
					"@loader_path/Frameworks",
				);
				PRODUCT_BUNDLE_IDENTIFIER = "mid-program-project.twitterTests";
				PRODUCT_NAME = "$(TARGET_NAME)";
				SWIFT_VERSION = 4.2;
				TARGETED_DEVICE_FAMILY = "1,2";
				TEST_HOST = "$(BUILT_PRODUCTS_DIR)/twitter.app/twitter";
			};
			name = Debug;
		};
		A558E7392213BF3600365C8E /* Release */ = {
			isa = XCBuildConfiguration;
			buildSettings = {
				ALWAYS_EMBED_SWIFT_STANDARD_LIBRARIES = YES;
				BUNDLE_LOADER = "$(TEST_HOST)";
				CODE_SIGN_STYLE = Automatic;
				INFOPLIST_FILE = twitterTests/Info.plist;
				LD_RUNPATH_SEARCH_PATHS = (
					"$(inherited)",
					"@executable_path/Frameworks",
					"@loader_path/Frameworks",
				);
				PRODUCT_BUNDLE_IDENTIFIER = "mid-program-project.twitterTests";
				PRODUCT_NAME = "$(TARGET_NAME)";
				SWIFT_VERSION = 4.2;
				TARGETED_DEVICE_FAMILY = "1,2";
				TEST_HOST = "$(BUILT_PRODUCTS_DIR)/twitter.app/twitter";
			};
			name = Release;
		};
		A558E73B2213BF3600365C8E /* Debug */ = {
			isa = XCBuildConfiguration;
			buildSettings = {
				ALWAYS_EMBED_SWIFT_STANDARD_LIBRARIES = YES;
				CODE_SIGN_STYLE = Automatic;
				INFOPLIST_FILE = twitterUITests/Info.plist;
				LD_RUNPATH_SEARCH_PATHS = (
					"$(inherited)",
					"@executable_path/Frameworks",
					"@loader_path/Frameworks",
				);
				PRODUCT_BUNDLE_IDENTIFIER = "mid-program-project.twitterUITests";
				PRODUCT_NAME = "$(TARGET_NAME)";
				SWIFT_VERSION = 4.2;
				TARGETED_DEVICE_FAMILY = "1,2";
				TEST_TARGET_NAME = twitter;
			};
			name = Debug;
		};
		A558E73C2213BF3600365C8E /* Release */ = {
			isa = XCBuildConfiguration;
			buildSettings = {
				ALWAYS_EMBED_SWIFT_STANDARD_LIBRARIES = YES;
				CODE_SIGN_STYLE = Automatic;
				INFOPLIST_FILE = twitterUITests/Info.plist;
				LD_RUNPATH_SEARCH_PATHS = (
					"$(inherited)",
					"@executable_path/Frameworks",
					"@loader_path/Frameworks",
				);
				PRODUCT_BUNDLE_IDENTIFIER = "mid-program-project.twitterUITests";
				PRODUCT_NAME = "$(TARGET_NAME)";
				SWIFT_VERSION = 4.2;
				TARGETED_DEVICE_FAMILY = "1,2";
				TEST_TARGET_NAME = twitter;
			};
			name = Release;
		};
/* End XCBuildConfiguration section */

/* Begin XCConfigurationList section */
		A558E7072213BF3500365C8E /* Build configuration list for PBXProject "twitter" */ = {
			isa = XCConfigurationList;
			buildConfigurations = (
				A558E7322213BF3600365C8E /* Debug */,
				A558E7332213BF3600365C8E /* Release */,
			);
			defaultConfigurationIsVisible = 0;
			defaultConfigurationName = Release;
		};
		A558E7342213BF3600365C8E /* Build configuration list for PBXNativeTarget "twitter" */ = {
			isa = XCConfigurationList;
			buildConfigurations = (
				A558E7352213BF3600365C8E /* Debug */,
				A558E7362213BF3600365C8E /* Release */,
			);
			defaultConfigurationIsVisible = 0;
			defaultConfigurationName = Release;
		};
		A558E7372213BF3600365C8E /* Build configuration list for PBXNativeTarget "twitterTests" */ = {
			isa = XCConfigurationList;
			buildConfigurations = (
				A558E7382213BF3600365C8E /* Debug */,
				A558E7392213BF3600365C8E /* Release */,
			);
			defaultConfigurationIsVisible = 0;
			defaultConfigurationName = Release;
		};
		A558E73A2213BF3600365C8E /* Build configuration list for PBXNativeTarget "twitterUITests" */ = {
			isa = XCConfigurationList;
			buildConfigurations = (
				A558E73B2213BF3600365C8E /* Debug */,
				A558E73C2213BF3600365C8E /* Release */,
			);
			defaultConfigurationIsVisible = 0;
			defaultConfigurationName = Release;
		};
/* End XCConfigurationList section */
	};
	rootObject = A558E7042213BF3500365C8E /* Project object */;
}
